// !$*UTF8*$!
{
	archiveVersion = 1;
	classes = {
	};
	objectVersion = 55;
	objects = {

/* Begin PBXBuildFile section */
		27CB17AD0617E94E51C03DE4 /* Pods_flixTests.framework in Frameworks */ = {isa = PBXBuildFile; fileRef = E7DA2355300EDD35DE8CD39C /* Pods_flixTests.framework */; };
		3F9EDB6D4F92F076DF93A2CC /* Pods_flix_flixUITests.framework in Frameworks */ = {isa = PBXBuildFile; fileRef = 515708C20081BE171F6CEB59 /* Pods_flix_flixUITests.framework */; };
		70A3448F27B1F2C8009F02A5 /* AppDelegate.swift in Sources */ = {isa = PBXBuildFile; fileRef = 70A3448E27B1F2C8009F02A5 /* AppDelegate.swift */; };
		70A3449127B1F2C8009F02A5 /* SceneDelegate.swift in Sources */ = {isa = PBXBuildFile; fileRef = 70A3449027B1F2C8009F02A5 /* SceneDelegate.swift */; };
		70A3449327B1F2C8009F02A5 /* ViewController.swift in Sources */ = {isa = PBXBuildFile; fileRef = 70A3449227B1F2C8009F02A5 /* ViewController.swift */; };
		70A3449627B1F2C8009F02A5 /* Main.storyboard in Resources */ = {isa = PBXBuildFile; fileRef = 70A3449427B1F2C8009F02A5 /* Main.storyboard */; };
		70A3449827B1F2CB009F02A5 /* Assets.xcassets in Resources */ = {isa = PBXBuildFile; fileRef = 70A3449727B1F2CB009F02A5 /* Assets.xcassets */; };
		70A3449B27B1F2CB009F02A5 /* LaunchScreen.storyboard in Resources */ = {isa = PBXBuildFile; fileRef = 70A3449927B1F2CB009F02A5 /* LaunchScreen.storyboard */; };
		70A344A627B1F2CB009F02A5 /* flixTests.swift in Sources */ = {isa = PBXBuildFile; fileRef = 70A344A527B1F2CB009F02A5 /* flixTests.swift */; };
		70A344B027B1F2CB009F02A5 /* flixUITests.swift in Sources */ = {isa = PBXBuildFile; fileRef = 70A344AF27B1F2CB009F02A5 /* flixUITests.swift */; };
		70A344B227B1F2CB009F02A5 /* flixUITestsLaunchTests.swift in Sources */ = {isa = PBXBuildFile; fileRef = 70A344B127B1F2CB009F02A5 /* flixUITestsLaunchTests.swift */; };
		70A344C027B1F481009F02A5 /* AlamofireImage in Frameworks */ = {isa = PBXBuildFile; productRef = 70A344BF27B1F481009F02A5 /* AlamofireImage */; };
		70A344C427B20CF3009F02A5 /* MovieTableViewCell.swift in Sources */ = {isa = PBXBuildFile; fileRef = 70A344C327B20CF3009F02A5 /* MovieTableViewCell.swift */; };
		D0B3636AC988BBBF41BB594A /* Pods_flix.framework in Frameworks */ = {isa = PBXBuildFile; fileRef = B16C63F87B5AF3ED572E3E5A /* Pods_flix.framework */; };
/* End PBXBuildFile section */

/* Begin PBXContainerItemProxy section */
		70A344A227B1F2CB009F02A5 /* PBXContainerItemProxy */ = {
			isa = PBXContainerItemProxy;
			containerPortal = 70A3448327B1F2C8009F02A5 /* Project object */;
			proxyType = 1;
			remoteGlobalIDString = 70A3448A27B1F2C8009F02A5;
			remoteInfo = flix;
		};
		70A344AC27B1F2CB009F02A5 /* PBXContainerItemProxy */ = {
			isa = PBXContainerItemProxy;
			containerPortal = 70A3448327B1F2C8009F02A5 /* Project object */;
			proxyType = 1;
			remoteGlobalIDString = 70A3448A27B1F2C8009F02A5;
			remoteInfo = flix;
		};
/* End PBXContainerItemProxy section */

/* Begin PBXFileReference section */
		1B0996E0CA2E139A22F88ED7 /* Pods-flix-flixUITests.release.xcconfig */ = {isa = PBXFileReference; includeInIndex = 1; lastKnownFileType = text.xcconfig; name = "Pods-flix-flixUITests.release.xcconfig"; path = "Target Support Files/Pods-flix-flixUITests/Pods-flix-flixUITests.release.xcconfig"; sourceTree = "<group>"; };
		515708C20081BE171F6CEB59 /* Pods_flix_flixUITests.framework */ = {isa = PBXFileReference; explicitFileType = wrapper.framework; includeInIndex = 0; path = Pods_flix_flixUITests.framework; sourceTree = BUILT_PRODUCTS_DIR; };
		5A3B626B51AC435E276959EB /* Pods-flix-flixUITests.debug.xcconfig */ = {isa = PBXFileReference; includeInIndex = 1; lastKnownFileType = text.xcconfig; name = "Pods-flix-flixUITests.debug.xcconfig"; path = "Target Support Files/Pods-flix-flixUITests/Pods-flix-flixUITests.debug.xcconfig"; sourceTree = "<group>"; };
		70A3448B27B1F2C8009F02A5 /* flix.app */ = {isa = PBXFileReference; explicitFileType = wrapper.application; includeInIndex = 0; path = flix.app; sourceTree = BUILT_PRODUCTS_DIR; };
		70A3448E27B1F2C8009F02A5 /* AppDelegate.swift */ = {isa = PBXFileReference; lastKnownFileType = sourcecode.swift; path = AppDelegate.swift; sourceTree = "<group>"; };
		70A3449027B1F2C8009F02A5 /* SceneDelegate.swift */ = {isa = PBXFileReference; lastKnownFileType = sourcecode.swift; path = SceneDelegate.swift; sourceTree = "<group>"; };
		70A3449227B1F2C8009F02A5 /* ViewController.swift */ = {isa = PBXFileReference; lastKnownFileType = sourcecode.swift; path = ViewController.swift; sourceTree = "<group>"; };
		70A3449527B1F2C8009F02A5 /* Base */ = {isa = PBXFileReference; lastKnownFileType = file.storyboard; name = Base; path = Base.lproj/Main.storyboard; sourceTree = "<group>"; };
		70A3449727B1F2CB009F02A5 /* Assets.xcassets */ = {isa = PBXFileReference; lastKnownFileType = folder.assetcatalog; path = Assets.xcassets; sourceTree = "<group>"; };
		70A3449A27B1F2CB009F02A5 /* Base */ = {isa = PBXFileReference; lastKnownFileType = file.storyboard; name = Base; path = Base.lproj/LaunchScreen.storyboard; sourceTree = "<group>"; };
		70A3449C27B1F2CB009F02A5 /* Info.plist */ = {isa = PBXFileReference; lastKnownFileType = text.plist.xml; path = Info.plist; sourceTree = "<group>"; };
		70A344A127B1F2CB009F02A5 /* flixTests.xctest */ = {isa = PBXFileReference; explicitFileType = wrapper.cfbundle; includeInIndex = 0; path = flixTests.xctest; sourceTree = BUILT_PRODUCTS_DIR; };
		70A344A527B1F2CB009F02A5 /* flixTests.swift */ = {isa = PBXFileReference; lastKnownFileType = sourcecode.swift; path = flixTests.swift; sourceTree = "<group>"; };
		70A344AB27B1F2CB009F02A5 /* flixUITests.xctest */ = {isa = PBXFileReference; explicitFileType = wrapper.cfbundle; includeInIndex = 0; path = flixUITests.xctest; sourceTree = BUILT_PRODUCTS_DIR; };
		70A344AF27B1F2CB009F02A5 /* flixUITests.swift */ = {isa = PBXFileReference; lastKnownFileType = sourcecode.swift; path = flixUITests.swift; sourceTree = "<group>"; };
		70A344B127B1F2CB009F02A5 /* flixUITestsLaunchTests.swift */ = {isa = PBXFileReference; lastKnownFileType = sourcecode.swift; path = flixUITestsLaunchTests.swift; sourceTree = "<group>"; };
		70A344C327B20CF3009F02A5 /* MovieTableViewCell.swift */ = {isa = PBXFileReference; lastKnownFileType = sourcecode.swift; path = MovieTableViewCell.swift; sourceTree = "<group>"; };
		7BDD6EB3F3B4B134C7D916E8 /* Pods-flixTests.debug.xcconfig */ = {isa = PBXFileReference; includeInIndex = 1; lastKnownFileType = text.xcconfig; name = "Pods-flixTests.debug.xcconfig"; path = "Target Support Files/Pods-flixTests/Pods-flixTests.debug.xcconfig"; sourceTree = "<group>"; };
		87510EBA194B85C5756CC156 /* Pods-flixTests.release.xcconfig */ = {isa = PBXFileReference; includeInIndex = 1; lastKnownFileType = text.xcconfig; name = "Pods-flixTests.release.xcconfig"; path = "Target Support Files/Pods-flixTests/Pods-flixTests.release.xcconfig"; sourceTree = "<group>"; };
		B16C63F87B5AF3ED572E3E5A /* Pods_flix.framework */ = {isa = PBXFileReference; explicitFileType = wrapper.framework; includeInIndex = 0; path = Pods_flix.framework; sourceTree = BUILT_PRODUCTS_DIR; };
		C6D57B06977EB7A3AD7CDD54 /* Pods-flix.debug.xcconfig */ = {isa = PBXFileReference; includeInIndex = 1; lastKnownFileType = text.xcconfig; name = "Pods-flix.debug.xcconfig"; path = "Target Support Files/Pods-flix/Pods-flix.debug.xcconfig"; sourceTree = "<group>"; };
		DB8C4C4BC34123A0955C0EFC /* Pods-flix.release.xcconfig */ = {isa = PBXFileReference; includeInIndex = 1; lastKnownFileType = text.xcconfig; name = "Pods-flix.release.xcconfig"; path = "Target Support Files/Pods-flix/Pods-flix.release.xcconfig"; sourceTree = "<group>"; };
		E7DA2355300EDD35DE8CD39C /* Pods_flixTests.framework */ = {isa = PBXFileReference; explicitFileType = wrapper.framework; includeInIndex = 0; path = Pods_flixTests.framework; sourceTree = BUILT_PRODUCTS_DIR; };
/* End PBXFileReference section */

/* Begin PBXFrameworksBuildPhase section */
		70A3448827B1F2C8009F02A5 /* Frameworks */ = {
			isa = PBXFrameworksBuildPhase;
			buildActionMask = 2147483647;
			files = (
				D0B3636AC988BBBF41BB594A /* Pods_flix.framework in Frameworks */,
				70A344C027B1F481009F02A5 /* AlamofireImage in Frameworks */,
			);
			runOnlyForDeploymentPostprocessing = 0;
		};
		70A3449E27B1F2CB009F02A5 /* Frameworks */ = {
			isa = PBXFrameworksBuildPhase;
			buildActionMask = 2147483647;
			files = (
				27CB17AD0617E94E51C03DE4 /* Pods_flixTests.framework in Frameworks */,
			);
			runOnlyForDeploymentPostprocessing = 0;
		};
		70A344A827B1F2CB009F02A5 /* Frameworks */ = {
			isa = PBXFrameworksBuildPhase;
			buildActionMask = 2147483647;
			files = (
				3F9EDB6D4F92F076DF93A2CC /* Pods_flix_flixUITests.framework in Frameworks */,
			);
			runOnlyForDeploymentPostprocessing = 0;
		};
/* End PBXFrameworksBuildPhase section */

/* Begin PBXGroup section */
		2A9BA1488DD0C0CE6582AC01 /* Pods */ = {
			isa = PBXGroup;
			children = (
				C6D57B06977EB7A3AD7CDD54 /* Pods-flix.debug.xcconfig */,
				DB8C4C4BC34123A0955C0EFC /* Pods-flix.release.xcconfig */,
				5A3B626B51AC435E276959EB /* Pods-flix-flixUITests.debug.xcconfig */,
				1B0996E0CA2E139A22F88ED7 /* Pods-flix-flixUITests.release.xcconfig */,
				7BDD6EB3F3B4B134C7D916E8 /* Pods-flixTests.debug.xcconfig */,
				87510EBA194B85C5756CC156 /* Pods-flixTests.release.xcconfig */,
			);
			path = Pods;
			sourceTree = "<group>";
		};
		33A4E9AD88880E134FF3577F /* Frameworks */ = {
			isa = PBXGroup;
			children = (
				B16C63F87B5AF3ED572E3E5A /* Pods_flix.framework */,
				515708C20081BE171F6CEB59 /* Pods_flix_flixUITests.framework */,
				E7DA2355300EDD35DE8CD39C /* Pods_flixTests.framework */,
			);
			name = Frameworks;
			sourceTree = "<group>";
		};
		70A3448227B1F2C8009F02A5 = {
			isa = PBXGroup;
			children = (
				70A3448D27B1F2C8009F02A5 /* flix */,
				70A344A427B1F2CB009F02A5 /* flixTests */,
				70A344AE27B1F2CB009F02A5 /* flixUITests */,
				70A3448C27B1F2C8009F02A5 /* Products */,
				2A9BA1488DD0C0CE6582AC01 /* Pods */,
				33A4E9AD88880E134FF3577F /* Frameworks */,
			);
			sourceTree = "<group>";
		};
		70A3448C27B1F2C8009F02A5 /* Products */ = {
			isa = PBXGroup;
			children = (
				70A3448B27B1F2C8009F02A5 /* flix.app */,
				70A344A127B1F2CB009F02A5 /* flixTests.xctest */,
				70A344AB27B1F2CB009F02A5 /* flixUITests.xctest */,
			);
			name = Products;
			sourceTree = "<group>";
		};
		70A3448D27B1F2C8009F02A5 /* flix */ = {
			isa = PBXGroup;
			children = (
				70A3448E27B1F2C8009F02A5 /* AppDelegate.swift */,
				70A3449027B1F2C8009F02A5 /* SceneDelegate.swift */,
				70A3449227B1F2C8009F02A5 /* ViewController.swift */,
				70A344C327B20CF3009F02A5 /* MovieTableViewCell.swift */,
				70A3449427B1F2C8009F02A5 /* Main.storyboard */,
				70A3449727B1F2CB009F02A5 /* Assets.xcassets */,
				70A3449927B1F2CB009F02A5 /* LaunchScreen.storyboard */,
				70A3449C27B1F2CB009F02A5 /* Info.plist */,
			);
			path = flix;
			sourceTree = "<group>";
		};
		70A344A427B1F2CB009F02A5 /* flixTests */ = {
			isa = PBXGroup;
			children = (
				70A344A527B1F2CB009F02A5 /* flixTests.swift */,
			);
			path = flixTests;
			sourceTree = "<group>";
		};
		70A344AE27B1F2CB009F02A5 /* flixUITests */ = {
			isa = PBXGroup;
			children = (
				70A344AF27B1F2CB009F02A5 /* flixUITests.swift */,
				70A344B127B1F2CB009F02A5 /* flixUITestsLaunchTests.swift */,
			);
			path = flixUITests;
			sourceTree = "<group>";
		};
/* End PBXGroup section */

/* Begin PBXNativeTarget section */
		70A3448A27B1F2C8009F02A5 /* flix */ = {
			isa = PBXNativeTarget;
			buildConfigurationList = 70A344B527B1F2CB009F02A5 /* Build configuration list for PBXNativeTarget "flix" */;
			buildPhases = (
				0915E11100DD3680F70509D5 /* [CP] Check Pods Manifest.lock */,
				70A3448727B1F2C8009F02A5 /* Sources */,
				70A3448827B1F2C8009F02A5 /* Frameworks */,
				70A3448927B1F2C8009F02A5 /* Resources */,
				2072375D305D31DC1D9C5579 /* [CP] Embed Pods Frameworks */,
			);
			buildRules = (
			);
			dependencies = (
			);
			name = flix;
			packageProductDependencies = (
				70A344BF27B1F481009F02A5 /* AlamofireImage */,
			);
			productName = flix;
			productReference = 70A3448B27B1F2C8009F02A5 /* flix.app */;
			productType = "com.apple.product-type.application";
		};
		70A344A027B1F2CB009F02A5 /* flixTests */ = {
			isa = PBXNativeTarget;
			buildConfigurationList = 70A344B827B1F2CB009F02A5 /* Build configuration list for PBXNativeTarget "flixTests" */;
			buildPhases = (
				04BD599AE9DDFEDED414BC79 /* [CP] Check Pods Manifest.lock */,
				70A3449D27B1F2CB009F02A5 /* Sources */,
				70A3449E27B1F2CB009F02A5 /* Frameworks */,
				70A3449F27B1F2CB009F02A5 /* Resources */,
			);
			buildRules = (
			);
			dependencies = (
				70A344A327B1F2CB009F02A5 /* PBXTargetDependency */,
			);
			name = flixTests;
			productName = flixTests;
			productReference = 70A344A127B1F2CB009F02A5 /* flixTests.xctest */;
			productType = "com.apple.product-type.bundle.unit-test";
		};
		70A344AA27B1F2CB009F02A5 /* flixUITests */ = {
			isa = PBXNativeTarget;
			buildConfigurationList = 70A344BB27B1F2CB009F02A5 /* Build configuration list for PBXNativeTarget "flixUITests" */;
			buildPhases = (
				7A59597F2E423D15FCEF9C7A /* [CP] Check Pods Manifest.lock */,
				70A344A727B1F2CB009F02A5 /* Sources */,
				70A344A827B1F2CB009F02A5 /* Frameworks */,
				70A344A927B1F2CB009F02A5 /* Resources */,
				6A2B489A79EE444AF1FA896D /* [CP] Embed Pods Frameworks */,
			);
			buildRules = (
			);
			dependencies = (
				70A344AD27B1F2CB009F02A5 /* PBXTargetDependency */,
			);
			name = flixUITests;
			productName = flixUITests;
			productReference = 70A344AB27B1F2CB009F02A5 /* flixUITests.xctest */;
			productType = "com.apple.product-type.bundle.ui-testing";
		};
/* End PBXNativeTarget section */

/* Begin PBXProject section */
		70A3448327B1F2C8009F02A5 /* Project object */ = {
			isa = PBXProject;
			attributes = {
				BuildIndependentTargetsInParallel = 1;
				LastSwiftUpdateCheck = 1320;
				LastUpgradeCheck = 1320;
				TargetAttributes = {
					70A3448A27B1F2C8009F02A5 = {
						CreatedOnToolsVersion = 13.2.1;
					};
					70A344A027B1F2CB009F02A5 = {
						CreatedOnToolsVersion = 13.2.1;
						TestTargetID = 70A3448A27B1F2C8009F02A5;
					};
					70A344AA27B1F2CB009F02A5 = {
						CreatedOnToolsVersion = 13.2.1;
						TestTargetID = 70A3448A27B1F2C8009F02A5;
					};
				};
			};
			buildConfigurationList = 70A3448627B1F2C8009F02A5 /* Build configuration list for PBXProject "flix" */;
			compatibilityVersion = "Xcode 13.0";
			developmentRegion = en;
			hasScannedForEncodings = 0;
			knownRegions = (
				en,
				Base,
			);
			mainGroup = 70A3448227B1F2C8009F02A5;
			packageReferences = (
				70A344BE27B1F481009F02A5 /* XCRemoteSwiftPackageReference "AlamofireImage" */,
			);
			productRefGroup = 70A3448C27B1F2C8009F02A5 /* Products */;
			projectDirPath = "";
			projectRoot = "";
			targets = (
				70A3448A27B1F2C8009F02A5 /* flix */,
				70A344A027B1F2CB009F02A5 /* flixTests */,
				70A344AA27B1F2CB009F02A5 /* flixUITests */,
			);
		};
/* End PBXProject section */

/* Begin PBXResourcesBuildPhase section */
		70A3448927B1F2C8009F02A5 /* Resources */ = {
			isa = PBXResourcesBuildPhase;
			buildActionMask = 2147483647;
			files = (
				70A3449B27B1F2CB009F02A5 /* LaunchScreen.storyboard in Resources */,
				70A3449827B1F2CB009F02A5 /* Assets.xcassets in Resources */,
				70A3449627B1F2C8009F02A5 /* Main.storyboard in Resources */,
			);
			runOnlyForDeploymentPostprocessing = 0;
		};
		70A3449F27B1F2CB009F02A5 /* Resources */ = {
			isa = PBXResourcesBuildPhase;
			buildActionMask = 2147483647;
			files = (
			);
			runOnlyForDeploymentPostprocessing = 0;
		};
		70A344A927B1F2CB009F02A5 /* Resources */ = {
			isa = PBXResourcesBuildPhase;
			buildActionMask = 2147483647;
			files = (
			);
			runOnlyForDeploymentPostprocessing = 0;
		};
/* End PBXResourcesBuildPhase section */

/* Begin PBXShellScriptBuildPhase section */
		04BD599AE9DDFEDED414BC79 /* [CP] Check Pods Manifest.lock */ = {
			isa = PBXShellScriptBuildPhase;
			buildActionMask = 2147483647;
			files = (
			);
			inputFileListPaths = (
			);
			inputPaths = (
				"${PODS_PODFILE_DIR_PATH}/Podfile.lock",
				"${PODS_ROOT}/Manifest.lock",
			);
			name = "[CP] Check Pods Manifest.lock";
			outputFileListPaths = (
			);
			outputPaths = (
				"$(DERIVED_FILE_DIR)/Pods-flixTests-checkManifestLockResult.txt",
			);
			runOnlyForDeploymentPostprocessing = 0;
			shellPath = /bin/sh;
			shellScript = "diff \"${PODS_PODFILE_DIR_PATH}/Podfile.lock\" \"${PODS_ROOT}/Manifest.lock\" > /dev/null\nif [ $? != 0 ] ; then\n    # print error to STDERR\n    echo \"error: The sandbox is not in sync with the Podfile.lock. Run 'pod install' or update your CocoaPods installation.\" >&2\n    exit 1\nfi\n# This output is used by Xcode 'outputs' to avoid re-running this script phase.\necho \"SUCCESS\" > \"${SCRIPT_OUTPUT_FILE_0}\"\n";
			showEnvVarsInLog = 0;
		};
		0915E11100DD3680F70509D5 /* [CP] Check Pods Manifest.lock */ = {
			isa = PBXShellScriptBuildPhase;
			buildActionMask = 2147483647;
			files = (
			);
			inputFileListPaths = (
			);
			inputPaths = (
				"${PODS_PODFILE_DIR_PATH}/Podfile.lock",
				"${PODS_ROOT}/Manifest.lock",
			);
			name = "[CP] Check Pods Manifest.lock";
			outputFileListPaths = (
			);
			outputPaths = (
				"$(DERIVED_FILE_DIR)/Pods-flix-checkManifestLockResult.txt",
			);
			runOnlyForDeploymentPostprocessing = 0;
			shellPath = /bin/sh;
			shellScript = "diff \"${PODS_PODFILE_DIR_PATH}/Podfile.lock\" \"${PODS_ROOT}/Manifest.lock\" > /dev/null\nif [ $? != 0 ] ; then\n    # print error to STDERR\n    echo \"error: The sandbox is not in sync with the Podfile.lock. Run 'pod install' or update your CocoaPods installation.\" >&2\n    exit 1\nfi\n# This output is used by Xcode 'outputs' to avoid re-running this script phase.\necho \"SUCCESS\" > \"${SCRIPT_OUTPUT_FILE_0}\"\n";
			showEnvVarsInLog = 0;
		};
		2072375D305D31DC1D9C5579 /* [CP] Embed Pods Frameworks */ = {
			isa = PBXShellScriptBuildPhase;
			buildActionMask = 2147483647;
			files = (
			);
			inputFileListPaths = (
				"${PODS_ROOT}/Target Support Files/Pods-flix/Pods-flix-frameworks-${CONFIGURATION}-input-files.xcfilelist",
			);
			name = "[CP] Embed Pods Frameworks";
			outputFileListPaths = (
				"${PODS_ROOT}/Target Support Files/Pods-flix/Pods-flix-frameworks-${CONFIGURATION}-output-files.xcfilelist",
			);
			runOnlyForDeploymentPostprocessing = 0;
			shellPath = /bin/sh;
			shellScript = "\"${PODS_ROOT}/Target Support Files/Pods-flix/Pods-flix-frameworks.sh\"\n";
			showEnvVarsInLog = 0;
		};
		6A2B489A79EE444AF1FA896D /* [CP] Embed Pods Frameworks */ = {
			isa = PBXShellScriptBuildPhase;
			buildActionMask = 2147483647;
			files = (
			);
			inputFileListPaths = (
				"${PODS_ROOT}/Target Support Files/Pods-flix-flixUITests/Pods-flix-flixUITests-frameworks-${CONFIGURATION}-input-files.xcfilelist",
			);
			name = "[CP] Embed Pods Frameworks";
			outputFileListPaths = (
				"${PODS_ROOT}/Target Support Files/Pods-flix-flixUITests/Pods-flix-flixUITests-frameworks-${CONFIGURATION}-output-files.xcfilelist",
			);
			runOnlyForDeploymentPostprocessing = 0;
			shellPath = /bin/sh;
			shellScript = "\"${PODS_ROOT}/Target Support Files/Pods-flix-flixUITests/Pods-flix-flixUITests-frameworks.sh\"\n";
			showEnvVarsInLog = 0;
		};
		7A59597F2E423D15FCEF9C7A /* [CP] Check Pods Manifest.lock */ = {
			isa = PBXShellScriptBuildPhase;
			buildActionMask = 2147483647;
			files = (
			);
			inputFileListPaths = (
			);
			inputPaths = (
				"${PODS_PODFILE_DIR_PATH}/Podfile.lock",
				"${PODS_ROOT}/Manifest.lock",
			);
			name = "[CP] Check Pods Manifest.lock";
			outputFileListPaths = (
			);
			outputPaths = (
				"$(DERIVED_FILE_DIR)/Pods-flix-flixUITests-checkManifestLockResult.txt",
			);
			runOnlyForDeploymentPostprocessing = 0;
			shellPath = /bin/sh;
			shellScript = "diff \"${PODS_PODFILE_DIR_PATH}/Podfile.lock\" \"${PODS_ROOT}/Manifest.lock\" > /dev/null\nif [ $? != 0 ] ; then\n    # print error to STDERR\n    echo \"error: The sandbox is not in sync with the Podfile.lock. Run 'pod install' or update your CocoaPods installation.\" >&2\n    exit 1\nfi\n# This output is used by Xcode 'outputs' to avoid re-running this script phase.\necho \"SUCCESS\" > \"${SCRIPT_OUTPUT_FILE_0}\"\n";
			showEnvVarsInLog = 0;
		};
/* End PBXShellScriptBuildPhase section */

/* Begin PBXSourcesBuildPhase section */
		70A3448727B1F2C8009F02A5 /* Sources */ = {
			isa = PBXSourcesBuildPhase;
			buildActionMask = 2147483647;
			files = (
				70A3449327B1F2C8009F02A5 /* ViewController.swift in Sources */,
				70A3448F27B1F2C8009F02A5 /* AppDelegate.swift in Sources */,
				70A344C427B20CF3009F02A5 /* MovieTableViewCell.swift in Sources */,
				70A3449127B1F2C8009F02A5 /* SceneDelegate.swift in Sources */,
			);
			runOnlyForDeploymentPostprocessing = 0;
		};
		70A3449D27B1F2CB009F02A5 /* Sources */ = {
			isa = PBXSourcesBuildPhase;
			buildActionMask = 2147483647;
			files = (
				70A344A627B1F2CB009F02A5 /* flixTests.swift in Sources */,
			);
			runOnlyForDeploymentPostprocessing = 0;
		};
		70A344A727B1F2CB009F02A5 /* Sources */ = {
			isa = PBXSourcesBuildPhase;
			buildActionMask = 2147483647;
			files = (
				70A344B027B1F2CB009F02A5 /* flixUITests.swift in Sources */,
				70A344B227B1F2CB009F02A5 /* flixUITestsLaunchTests.swift in Sources */,
			);
			runOnlyForDeploymentPostprocessing = 0;
		};
/* End PBXSourcesBuildPhase section */

/* Begin PBXTargetDependency section */
		70A344A327B1F2CB009F02A5 /* PBXTargetDependency */ = {
			isa = PBXTargetDependency;
			target = 70A3448A27B1F2C8009F02A5 /* flix */;
			targetProxy = 70A344A227B1F2CB009F02A5 /* PBXContainerItemProxy */;
		};
		70A344AD27B1F2CB009F02A5 /* PBXTargetDependency */ = {
			isa = PBXTargetDependency;
			target = 70A3448A27B1F2C8009F02A5 /* flix */;
			targetProxy = 70A344AC27B1F2CB009F02A5 /* PBXContainerItemProxy */;
		};
/* End PBXTargetDependency section */

/* Begin PBXVariantGroup section */
		70A3449427B1F2C8009F02A5 /* Main.storyboard */ = {
			isa = PBXVariantGroup;
			children = (
				70A3449527B1F2C8009F02A5 /* Base */,
			);
			name = Main.storyboard;
			sourceTree = "<group>";
		};
		70A3449927B1F2CB009F02A5 /* LaunchScreen.storyboard */ = {
			isa = PBXVariantGroup;
			children = (
				70A3449A27B1F2CB009F02A5 /* Base */,
			);
			name = LaunchScreen.storyboard;
			sourceTree = "<group>";
		};
/* End PBXVariantGroup section */

/* Begin XCBuildConfiguration section */
		70A344B327B1F2CB009F02A5 /* Debug */ = {
			isa = XCBuildConfiguration;
			buildSettings = {
				ALWAYS_SEARCH_USER_PATHS = NO;
				CLANG_ANALYZER_NONNULL = YES;
				CLANG_ANALYZER_NUMBER_OBJECT_CONVERSION = YES_AGGRESSIVE;
				CLANG_CXX_LANGUAGE_STANDARD = "gnu++17";
				CLANG_CXX_LIBRARY = "libc++";
				CLANG_ENABLE_MODULES = YES;
				CLANG_ENABLE_OBJC_ARC = YES;
				CLANG_ENABLE_OBJC_WEAK = YES;
				CLANG_WARN_BLOCK_CAPTURE_AUTORELEASING = YES;
				CLANG_WARN_BOOL_CONVERSION = YES;
				CLANG_WARN_COMMA = YES;
				CLANG_WARN_CONSTANT_CONVERSION = YES;
				CLANG_WARN_DEPRECATED_OBJC_IMPLEMENTATIONS = YES;
				CLANG_WARN_DIRECT_OBJC_ISA_USAGE = YES_ERROR;
				CLANG_WARN_DOCUMENTATION_COMMENTS = YES;
				CLANG_WARN_EMPTY_BODY = YES;
				CLANG_WARN_ENUM_CONVERSION = YES;
				CLANG_WARN_INFINITE_RECURSION = YES;
				CLANG_WARN_INT_CONVERSION = YES;
				CLANG_WARN_NON_LITERAL_NULL_CONVERSION = YES;
				CLANG_WARN_OBJC_IMPLICIT_RETAIN_SELF = YES;
				CLANG_WARN_OBJC_LITERAL_CONVERSION = YES;
				CLANG_WARN_OBJC_ROOT_CLASS = YES_ERROR;
				CLANG_WARN_QUOTED_INCLUDE_IN_FRAMEWORK_HEADER = YES;
				CLANG_WARN_RANGE_LOOP_ANALYSIS = YES;
				CLANG_WARN_STRICT_PROTOTYPES = YES;
				CLANG_WARN_SUSPICIOUS_MOVE = YES;
				CLANG_WARN_UNGUARDED_AVAILABILITY = YES_AGGRESSIVE;
				CLANG_WARN_UNREACHABLE_CODE = YES;
				CLANG_WARN__DUPLICATE_METHOD_MATCH = YES;
				COPY_PHASE_STRIP = NO;
				DEBUG_INFORMATION_FORMAT = dwarf;
				ENABLE_STRICT_OBJC_MSGSEND = YES;
				ENABLE_TESTABILITY = YES;
				GCC_C_LANGUAGE_STANDARD = gnu11;
				GCC_DYNAMIC_NO_PIC = NO;
				GCC_NO_COMMON_BLOCKS = YES;
				GCC_OPTIMIZATION_LEVEL = 0;
				GCC_PREPROCESSOR_DEFINITIONS = (
					"DEBUG=1",
					"$(inherited)",
				);
				GCC_WARN_64_TO_32_BIT_CONVERSION = YES;
				GCC_WARN_ABOUT_RETURN_TYPE = YES_ERROR;
				GCC_WARN_UNDECLARED_SELECTOR = YES;
				GCC_WARN_UNINITIALIZED_AUTOS = YES_AGGRESSIVE;
				GCC_WARN_UNUSED_FUNCTION = YES;
				GCC_WARN_UNUSED_VARIABLE = YES;
				IPHONEOS_DEPLOYMENT_TARGET = 15.2;
				MTL_ENABLE_DEBUG_INFO = INCLUDE_SOURCE;
				MTL_FAST_MATH = YES;
				ONLY_ACTIVE_ARCH = YES;
				SDKROOT = iphoneos;
				SWIFT_ACTIVE_COMPILATION_CONDITIONS = DEBUG;
				SWIFT_OPTIMIZATION_LEVEL = "-Onone";
			};
			name = Debug;
		};
		70A344B427B1F2CB009F02A5 /* Release */ = {
			isa = XCBuildConfiguration;
			buildSettings = {
				ALWAYS_SEARCH_USER_PATHS = NO;
				CLANG_ANALYZER_NONNULL = YES;
				CLANG_ANALYZER_NUMBER_OBJECT_CONVERSION = YES_AGGRESSIVE;
				CLANG_CXX_LANGUAGE_STANDARD = "gnu++17";
				CLANG_CXX_LIBRARY = "libc++";
				CLANG_ENABLE_MODULES = YES;
				CLANG_ENABLE_OBJC_ARC = YES;
				CLANG_ENABLE_OBJC_WEAK = YES;
				CLANG_WARN_BLOCK_CAPTURE_AUTORELEASING = YES;
				CLANG_WARN_BOOL_CONVERSION = YES;
				CLANG_WARN_COMMA = YES;
				CLANG_WARN_CONSTANT_CONVERSION = YES;
				CLANG_WARN_DEPRECATED_OBJC_IMPLEMENTATIONS = YES;
				CLANG_WARN_DIRECT_OBJC_ISA_USAGE = YES_ERROR;
				CLANG_WARN_DOCUMENTATION_COMMENTS = YES;
				CLANG_WARN_EMPTY_BODY = YES;
				CLANG_WARN_ENUM_CONVERSION = YES;
				CLANG_WARN_INFINITE_RECURSION = YES;
				CLANG_WARN_INT_CONVERSION = YES;
				CLANG_WARN_NON_LITERAL_NULL_CONVERSION = YES;
				CLANG_WARN_OBJC_IMPLICIT_RETAIN_SELF = YES;
				CLANG_WARN_OBJC_LITERAL_CONVERSION = YES;
				CLANG_WARN_OBJC_ROOT_CLASS = YES_ERROR;
				CLANG_WARN_QUOTED_INCLUDE_IN_FRAMEWORK_HEADER = YES;
				CLANG_WARN_RANGE_LOOP_ANALYSIS = YES;
				CLANG_WARN_STRICT_PROTOTYPES = YES;
				CLANG_WARN_SUSPICIOUS_MOVE = YES;
				CLANG_WARN_UNGUARDED_AVAILABILITY = YES_AGGRESSIVE;
				CLANG_WARN_UNREACHABLE_CODE = YES;
				CLANG_WARN__DUPLICATE_METHOD_MATCH = YES;
				COPY_PHASE_STRIP = NO;
				DEBUG_INFORMATION_FORMAT = "dwarf-with-dsym";
				ENABLE_NS_ASSERTIONS = NO;
				ENABLE_STRICT_OBJC_MSGSEND = YES;
				GCC_C_LANGUAGE_STANDARD = gnu11;
				GCC_NO_COMMON_BLOCKS = YES;
				GCC_WARN_64_TO_32_BIT_CONVERSION = YES;
				GCC_WARN_ABOUT_RETURN_TYPE = YES_ERROR;
				GCC_WARN_UNDECLARED_SELECTOR = YES;
				GCC_WARN_UNINITIALIZED_AUTOS = YES_AGGRESSIVE;
				GCC_WARN_UNUSED_FUNCTION = YES;
				GCC_WARN_UNUSED_VARIABLE = YES;
				IPHONEOS_DEPLOYMENT_TARGET = 15.2;
				MTL_ENABLE_DEBUG_INFO = NO;
				MTL_FAST_MATH = YES;
				SDKROOT = iphoneos;
				SWIFT_COMPILATION_MODE = wholemodule;
				SWIFT_OPTIMIZATION_LEVEL = "-O";
				VALIDATE_PRODUCT = YES;
			};
			name = Release;
		};
		70A344B627B1F2CB009F02A5 /* Debug */ = {
			isa = XCBuildConfiguration;
			baseConfigurationReference = C6D57B06977EB7A3AD7CDD54 /* Pods-flix.debug.xcconfig */;
			buildSettings = {
				ASSETCATALOG_COMPILER_APPICON_NAME = AppIcon;
				ASSETCATALOG_COMPILER_GLOBAL_ACCENT_COLOR_NAME = AccentColor;
				CODE_SIGN_STYLE = Automatic;
				CURRENT_PROJECT_VERSION = 1;
				DEVELOPMENT_TEAM = VZ786JK4BA;
				GENERATE_INFOPLIST_FILE = YES;
				INFOPLIST_FILE = flix/Info.plist;
				INFOPLIST_KEY_UIApplicationSupportsIndirectInputEvents = YES;
				INFOPLIST_KEY_UILaunchStoryboardName = LaunchScreen;
				INFOPLIST_KEY_UIMainStoryboardFile = Main;
				INFOPLIST_KEY_UISupportedInterfaceOrientations_iPad = "UIInterfaceOrientationPortrait UIInterfaceOrientationPortraitUpsideDown UIInterfaceOrientationLandscapeLeft UIInterfaceOrientationLandscapeRight";
				INFOPLIST_KEY_UISupportedInterfaceOrientations_iPhone = "UIInterfaceOrientationPortrait UIInterfaceOrientationLandscapeLeft UIInterfaceOrientationLandscapeRight";
				LD_RUNPATH_SEARCH_PATHS = (
					"$(inherited)",
					"@executable_path/Frameworks",
				);
				MARKETING_VERSION = 1.0;
				PRODUCT_BUNDLE_IDENTIFIER = codepath.flix.com.flix;
				PRODUCT_NAME = "$(TARGET_NAME)";
				SWIFT_EMIT_LOC_STRINGS = YES;
				SWIFT_VERSION = 5.0;
				TARGETED_DEVICE_FAMILY = "1,2";
			};
			name = Debug;
		};
		70A344B727B1F2CB009F02A5 /* Release */ = {
			isa = XCBuildConfiguration;
			baseConfigurationReference = DB8C4C4BC34123A0955C0EFC /* Pods-flix.release.xcconfig */;
			buildSettings = {
				ASSETCATALOG_COMPILER_APPICON_NAME = AppIcon;
				ASSETCATALOG_COMPILER_GLOBAL_ACCENT_COLOR_NAME = AccentColor;
				CODE_SIGN_STYLE = Automatic;
				CURRENT_PROJECT_VERSION = 1;
				DEVELOPMENT_TEAM = VZ786JK4BA;
				GENERATE_INFOPLIST_FILE = YES;
				INFOPLIST_FILE = flix/Info.plist;
				INFOPLIST_KEY_UIApplicationSupportsIndirectInputEvents = YES;
				INFOPLIST_KEY_UILaunchStoryboardName = LaunchScreen;
				INFOPLIST_KEY_UIMainStoryboardFile = Main;
				INFOPLIST_KEY_UISupportedInterfaceOrientations_iPad = "UIInterfaceOrientationPortrait UIInterfaceOrientationPortraitUpsideDown UIInterfaceOrientationLandscapeLeft UIInterfaceOrientationLandscapeRight";
				INFOPLIST_KEY_UISupportedInterfaceOrientations_iPhone = "UIInterfaceOrientationPortrait UIInterfaceOrientationLandscapeLeft UIInterfaceOrientationLandscapeRight";
				LD_RUNPATH_SEARCH_PATHS = (
					"$(inherited)",
					"@executable_path/Frameworks",
				);
				MARKETING_VERSION = 1.0;
				PRODUCT_BUNDLE_IDENTIFIER = codepath.flix.com.flix;
				PRODUCT_NAME = "$(TARGET_NAME)";
				SWIFT_EMIT_LOC_STRINGS = YES;
				SWIFT_VERSION = 5.0;
				TARGETED_DEVICE_FAMILY = "1,2";
			};
			name = Release;
		};
		70A344B927B1F2CB009F02A5 /* Debug */ = {
			isa = XCBuildConfiguration;
			baseConfigurationReference = 7BDD6EB3F3B4B134C7D916E8 /* Pods-flixTests.debug.xcconfig */;
			buildSettings = {
				ALWAYS_EMBED_SWIFT_STANDARD_LIBRARIES = YES;
				BUNDLE_LOADER = "$(TEST_HOST)";
				CODE_SIGN_STYLE = Automatic;
				CURRENT_PROJECT_VERSION = 1;
				DEVELOPMENT_TEAM = VZ786JK4BA;
				GENERATE_INFOPLIST_FILE = YES;
				IPHONEOS_DEPLOYMENT_TARGET = 15.2;
				MARKETING_VERSION = 1.0;
				PRODUCT_BUNDLE_IDENTIFIER = codepath.flix.com.flixTests;
				PRODUCT_NAME = "$(TARGET_NAME)";
				SWIFT_EMIT_LOC_STRINGS = NO;
				SWIFT_VERSION = 5.0;
				TARGETED_DEVICE_FAMILY = "1,2";
				TEST_HOST = "$(BUILT_PRODUCTS_DIR)/flix.app/flix";
			};
			name = Debug;
		};
		70A344BA27B1F2CB009F02A5 /* Release */ = {
			isa = XCBuildConfiguration;
			baseConfigurationReference = 87510EBA194B85C5756CC156 /* Pods-flixTests.release.xcconfig */;
			buildSettings = {
				ALWAYS_EMBED_SWIFT_STANDARD_LIBRARIES = YES;
				BUNDLE_LOADER = "$(TEST_HOST)";
				CODE_SIGN_STYLE = Automatic;
				CURRENT_PROJECT_VERSION = 1;
				DEVELOPMENT_TEAM = VZ786JK4BA;
				GENERATE_INFOPLIST_FILE = YES;
				IPHONEOS_DEPLOYMENT_TARGET = 15.2;
				MARKETING_VERSION = 1.0;
				PRODUCT_BUNDLE_IDENTIFIER = codepath.flix.com.flixTests;
				PRODUCT_NAME = "$(TARGET_NAME)";
				SWIFT_EMIT_LOC_STRINGS = NO;
				SWIFT_VERSION = 5.0;
				TARGETED_DEVICE_FAMILY = "1,2";
				TEST_HOST = "$(BUILT_PRODUCTS_DIR)/flix.app/flix";
			};
			name = Release;
		};
		70A344BC27B1F2CB009F02A5 /* Debug */ = {
			isa = XCBuildConfiguration;
			baseConfigurationReference = 5A3B626B51AC435E276959EB /* Pods-flix-flixUITests.debug.xcconfig */;
			buildSettings = {
				ALWAYS_EMBED_SWIFT_STANDARD_LIBRARIES = YES;
				CODE_SIGN_STYLE = Automatic;
				CURRENT_PROJECT_VERSION = 1;
				DEVELOPMENT_TEAM = VZ786JK4BA;
				GENERATE_INFOPLIST_FILE = YES;
				MARKETING_VERSION = 1.0;
				PRODUCT_BUNDLE_IDENTIFIER = codepath.flix.com.flixUITests;
				PRODUCT_NAME = "$(TARGET_NAME)";
				SWIFT_EMIT_LOC_STRINGS = NO;
				SWIFT_VERSION = 5.0;
				TARGETED_DEVICE_FAMILY = "1,2";
				TEST_TARGET_NAME = flix;
			};
			name = Debug;
		};
		70A344BD27B1F2CB009F02A5 /* Release */ = {
			isa = XCBuildConfiguration;
			baseConfigurationReference = 1B0996E0CA2E139A22F88ED7 /* Pods-flix-flixUITests.release.xcconfig */;
			buildSettings = {
				ALWAYS_EMBED_SWIFT_STANDARD_LIBRARIES = YES;
				CODE_SIGN_STYLE = Automatic;
				CURRENT_PROJECT_VERSION = 1;
				DEVELOPMENT_TEAM = VZ786JK4BA;
				GENERATE_INFOPLIST_FILE = YES;
				MARKETING_VERSION = 1.0;
				PRODUCT_BUNDLE_IDENTIFIER = codepath.flix.com.flixUITests;
				PRODUCT_NAME = "$(TARGET_NAME)";
				SWIFT_EMIT_LOC_STRINGS = NO;
				SWIFT_VERSION = 5.0;
				TARGETED_DEVICE_FAMILY = "1,2";
				TEST_TARGET_NAME = flix;
			};
			name = Release;
		};
/* End XCBuildConfiguration section */

/* Begin XCConfigurationList section */
		70A3448627B1F2C8009F02A5 /* Build configuration list for PBXProject "flix" */ = {
			isa = XCConfigurationList;
			buildConfigurations = (
				70A344B327B1F2CB009F02A5 /* Debug */,
				70A344B427B1F2CB009F02A5 /* Release */,
			);
			defaultConfigurationIsVisible = 0;
			defaultConfigurationName = Release;
		};
		70A344B527B1F2CB009F02A5 /* Build configuration list for PBXNativeTarget "flix" */ = {
			isa = XCConfigurationList;
			buildConfigurations = (
				70A344B627B1F2CB009F02A5 /* Debug */,
				70A344B727B1F2CB009F02A5 /* Release */,
			);
			defaultConfigurationIsVisible = 0;
			defaultConfigurationName = Release;
		};
		70A344B827B1F2CB009F02A5 /* Build configuration list for PBXNativeTarget "flixTests" */ = {
			isa = XCConfigurationList;
			buildConfigurations = (
				70A344B927B1F2CB009F02A5 /* Debug */,
				70A344BA27B1F2CB009F02A5 /* Release */,
			);
			defaultConfigurationIsVisible = 0;
			defaultConfigurationName = Release;
		};
		70A344BB27B1F2CB009F02A5 /* Build configuration list for PBXNativeTarget "flixUITests" */ = {
			isa = XCConfigurationList;
			buildConfigurations = (
				70A344BC27B1F2CB009F02A5 /* Debug */,
				70A344BD27B1F2CB009F02A5 /* Release */,
			);
			defaultConfigurationIsVisible = 0;
			defaultConfigurationName = Release;
		};
/* End XCConfigurationList section */

/* Begin XCRemoteSwiftPackageReference section */
		70A344BE27B1F481009F02A5 /* XCRemoteSwiftPackageReference "AlamofireImage" */ = {
			isa = XCRemoteSwiftPackageReference;
			repositoryURL = "https://github.com/Alamofire/AlamofireImage";
			requirement = {
				branch = master;
				kind = branch;
			};
		};
/* End XCRemoteSwiftPackageReference section */

/* Begin XCSwiftPackageProductDependency section */
		70A344BF27B1F481009F02A5 /* AlamofireImage */ = {
			isa = XCSwiftPackageProductDependency;
			package = 70A344BE27B1F481009F02A5 /* XCRemoteSwiftPackageReference "AlamofireImage" */;
			productName = AlamofireImage;
		};
/* End XCSwiftPackageProductDependency section */
	};
	rootObject = 70A3448327B1F2C8009F02A5 /* Project object */;
}
